
Microsoft Visual Studio Solution File, Format Version 12.00
# Visual Studio Version 17
VisualStudioVersion = 17.9.34728.123
MinimumVisualStudioVersion = 10.0.40219.1
Project("{2150E333-8FDC-42A3-9474-1A3956D46DE8}") = "app", "app", "{9AF65933-AF70-4780-B323-C02B5A263257}"
EndProject
Project("{2150E333-8FDC-42A3-9474-1A3956D46DE8}") = "client", "client", "{B57C8874-245D-4490-A3AA-A195552FCF86}"
EndProject
Project("{2150E333-8FDC-42A3-9474-1A3956D46DE8}") = "database", "database", "{DFB7EA20-8A3B-467B-989F-C418E3CC6D31}"
EndProject
Project("{2150E333-8FDC-42A3-9474-1A3956D46DE8}") = "docs", "docs", "{E2B89887-B8DD-47F8-BBBA-9B1F8A14DA9D}"
EndProject
Project("{2150E333-8FDC-42A3-9474-1A3956D46DE8}") = "test", "test", "{F7B6D739-5DD0-428A-8E19-232259C38D26}"
EndProject
Project("{FAE04EC0-301F-11D3-BF4B-00C04F79EFBC}") = "SMSystem.App", "SMSystem.App\SMSystem.App.csproj", "{17E073F5-094B-4180-B9DA-62D48CE20CA9}"
EndProject
Project("{FAE04EC0-301F-11D3-BF4B-00C04F79EFBC}") = "SMSystem.Data", "SMSystem.Data\SMSystem.Data.csproj", "{80DB32AC-92E9-47D6-A94E-ECCCE6E40D10}"
EndProject
Project("{FAE04EC0-301F-11D3-BF4B-00C04F79EFBC}") = "SMSystem.Models", "SMSystem.Models\SMSystem.Models.csproj", "{E525D3AA-F5FE-4DDA-A276-57B62069DCBB}"
EndProject
Project("{FAE04EC0-301F-11D3-BF4B-00C04F79EFBC}") = "SMSystem.Utilities", "SMSystem.Utilities\SMSystem.Utilities.csproj", "{8D1E9FD3-4713-42DC-ADF6-DF9B79AF2767}"
EndProject
Project("{FAE04EC0-301F-11D3-BF4B-00C04F79EFBC}") = "Presentation", "Presentation\Presentation.csproj", "{7C1375C1-684E-48DD-A373-AE157392E60A}"
EndProject
Project("{2150E333-8FDC-42A3-9474-1A3956D46DE8}") = "Scaffolding", "Scaffolding", "{D3D2C7DD-8A5D-4D32-B1D1-C29EFFFF1B00}"
EndProject
Project("{2150E333-8FDC-42A3-9474-1A3956D46DE8}") = "dbo", "dbo", "{665EBB68-80A3-4508-A937-A6E80F8A0906}"
EndProject
Project("{2150E333-8FDC-42A3-9474-1A3956D46DE8}") = "Indexes", "Indexes", "{55012906-6B80-4ADF-BCAF-47580C87DCAC}"
EndProject
Project("{2150E333-8FDC-42A3-9474-1A3956D46DE8}") = "StoredProcedures", "StoredProcedures", "{9756624F-F965-4F48-93FB-65ED597F463A}"
EndProject
Project("{2150E333-8FDC-42A3-9474-1A3956D46DE8}") = "Views", "Views", "{73BA6BF3-03B6-48E0-A35D-FCC3323B20F0}"
EndProject
Project("{2150E333-8FDC-42A3-9474-1A3956D46DE8}") = "Tabels", "Tabels", "{C240884B-3C8D-462D-A780-EF132F45CA9C}"
EndProject
Global
	GlobalSection(SolutionConfigurationPlatforms) = preSolution
		Debug|Any CPU = Debug|Any CPU
		Release|Any CPU = Release|Any CPU
	EndGlobalSection
	GlobalSection(ProjectConfigurationPlatforms) = postSolution
		{17E073F5-094B-4180-B9DA-62D48CE20CA9}.Debug|Any CPU.ActiveCfg = Debug|Any CPU
		{17E073F5-094B-4180-B9DA-62D48CE20CA9}.Debug|Any CPU.Build.0 = Debug|Any CPU
		{17E073F5-094B-4180-B9DA-62D48CE20CA9}.Release|Any CPU.ActiveCfg = Release|Any CPU
		{17E073F5-094B-4180-B9DA-62D48CE20CA9}.Release|Any CPU.Build.0 = Release|Any CPU
		{80DB32AC-92E9-47D6-A94E-ECCCE6E40D10}.Debug|Any CPU.ActiveCfg = Debug|Any CPU
		{80DB32AC-92E9-47D6-A94E-ECCCE6E40D10}.Debug|Any CPU.Build.0 = Debug|Any CPU
		{80DB32AC-92E9-47D6-A94E-ECCCE6E40D10}.Release|Any CPU.ActiveCfg = Release|Any CPU
		{80DB32AC-92E9-47D6-A94E-ECCCE6E40D10}.Release|Any CPU.Build.0 = Release|Any CPU
		{E525D3AA-F5FE-4DDA-A276-57B62069DCBB}.Debug|Any CPU.ActiveCfg = Debug|Any CPU
		{E525D3AA-F5FE-4DDA-A276-57B62069DCBB}.Debug|Any CPU.Build.0 = Debug|Any CPU
		{E525D3AA-F5FE-4DDA-A276-57B62069DCBB}.Release|Any CPU.ActiveCfg = Release|Any CPU
		{E525D3AA-F5FE-4DDA-A276-57B62069DCBB}.Release|Any CPU.Build.0 = Release|Any CPU
		{8D1E9FD3-4713-42DC-ADF6-DF9B79AF2767}.Debug|Any CPU.ActiveCfg = Debug|Any CPU
		{8D1E9FD3-4713-42DC-ADF6-DF9B79AF2767}.Debug|Any CPU.Build.0 = Debug|Any CPU
		{8D1E9FD3-4713-42DC-ADF6-DF9B79AF2767}.Release|Any CPU.ActiveCfg = Release|Any CPU
		{8D1E9FD3-4713-42DC-ADF6-DF9B79AF2767}.Release|Any CPU.Build.0 = Release|Any CPU
		{7C1375C1-684E-48DD-A373-AE157392E60A}.Debug|Any CPU.ActiveCfg = Debug|Any CPU
		{7C1375C1-684E-48DD-A373-AE157392E60A}.Debug|Any CPU.Build.0 = Debug|Any CPU
		{7C1375C1-684E-48DD-A373-AE157392E60A}.Release|Any CPU.ActiveCfg = Release|Any CPU
		{7C1375C1-684E-48DD-A373-AE157392E60A}.Release|Any CPU.Build.0 = Release|Any CPU
	EndGlobalSection
	GlobalSection(SolutionProperties) = preSolution
		HideSolutionNode = FALSE
	EndGlobalSection
	GlobalSection(NestedProjects) = preSolution
		{17E073F5-094B-4180-B9DA-62D48CE20CA9} = {9AF65933-AF70-4780-B323-C02B5A263257}
		{80DB32AC-92E9-47D6-A94E-ECCCE6E40D10} = {9AF65933-AF70-4780-B323-C02B5A263257}
		{E525D3AA-F5FE-4DDA-A276-57B62069DCBB} = {9AF65933-AF70-4780-B323-C02B5A263257}
		{8D1E9FD3-4713-42DC-ADF6-DF9B79AF2767} = {9AF65933-AF70-4780-B323-C02B5A263257}
		{7C1375C1-684E-48DD-A373-AE157392E60A} = {B57C8874-245D-4490-A3AA-A195552FCF86}
		{D3D2C7DD-8A5D-4D32-B1D1-C29EFFFF1B00} = {E2B89887-B8DD-47F8-BBBA-9B1F8A14DA9D}
		{665EBB68-80A3-4508-A937-A6E80F8A0906} = {DFB7EA20-8A3B-467B-989F-C418E3CC6D31}
		{55012906-6B80-4ADF-BCAF-47580C87DCAC} = {665EBB68-80A3-4508-A937-A6E80F8A0906}
		{9756624F-F965-4F48-93FB-65ED597F463A} = {665EBB68-80A3-4508-A937-A6E80F8A0906}
		{73BA6BF3-03B6-48E0-A35D-FCC3323B20F0} = {665EBB68-80A3-4508-A937-A6E80F8A0906}
		{C240884B-3C8D-462D-A780-EF132F45CA9C} = {665EBB68-80A3-4508-A937-A6E80F8A0906}
	EndGlobalSection
	GlobalSection(ExtensibilityGlobals) = postSolution
		SolutionGuid = {7277F0B0-360C-4AD7-B639-701565058CB2}
	EndGlobalSection
EndGlobal
